Microsoft Visual Studio Solution File, Format Version 12.00
# Visual Studio 2012
Project("{1B19158F-E398-40A6-8E3B-350508E125F1}") = "Application3", "Application3\Application3.dxjsproj", "{9B5BCC61-7714-4A77-95AC-513AC7BEBDBA}"
EndProject
Global
	GlobalSection(SolutionConfigurationPlatforms) = preSolution
		Debug|x86 = Debug|x86
		Release|x86 = Release|x86
	EndGlobalSection
	GlobalSection(ProjectConfigurationPlatforms) = postSolution
		{9B5BCC61-7714-4A77-95AC-513AC7BEBDBA}.Debug|x86.ActiveCfg = Debug|Any CPU
		{9B5BCC61-7714-4A77-95AC-513AC7BEBDBA}.Release|x86.ActiveCfg = Release|Any CPU
	EndGlobalSection
	GlobalSection(SolutionProperties) = preSolution
		HideSolutionNode = FALSE
	EndGlobalSection
EndGlobal
